
Microsoft Visual Studio Solution File, Format Version 12.00
# Visual Studio 15
VisualStudioVersion = 15.0.27130.2027
MinimumVisualStudioVersion = 10.0.40219.1
Project("{FAE04EC0-301F-11D3-BF4B-00C04F79EFBC}") = "AppGet", "AppGet\AppGet.csproj", "{0DF5E722-8458-4963-9285-E80D0AD98027}"
EndProject
Project("{FAE04EC0-301F-11D3-BF4B-00C04F79EFBC}") = "AppGet.Tests", "AppGet.Tests\AppGet.Tests.csproj", "{1BC812FD-E91C-4278-9224-3678DAEB66AA}"
EndProject
Project("{FAE04EC0-301F-11D3-BF4B-00C04F79EFBC}") = "AppGet.Manifest", "AppGet.Manifest\AppGet.Manifest.csproj", "{AC981E7D-75F6-4FAD-8F99-DE0A66CCE463}"
EndProject
Project("{FAE04EC0-301F-11D3-BF4B-00C04F79EFBC}") = "AppGet.Gui", "AppGet.Gui\AppGet.Gui.csproj", "{51A2B15A-01D3-4D45-BBBA-415A8B0C22D0}"
EndProject
Project("{2150E333-8FDC-42A3-9474-1A3956D46DE8}") = "External", "External", "{C5CFA5CB-CD89-4424-AF33-20293F0EF10C}"
EndProject
Project("{FAE04EC0-301F-11D3-BF4B-00C04F79EFBC}") = "ModernUI", "..\mui\1.0\ModernUI\ModernUI\ModernUI.csproj", "{9A653A28-FE46-40E8-A14F-48B0E325165D}"
EndProject
Project("{FAE04EC0-301F-11D3-BF4B-00C04F79EFBC}") = "ModernUI.App", "..\mui\1.0\ModernUI\ModernUI.App\ModernUI.App.csproj", "{BA5911EB-F34B-4F8D-AB29-6B967ED0B8DC}"
EndProject
Project("{FAE04EC0-301F-11D3-BF4B-00C04F79EFBC}") = "AppGet.Manifest.Tests", "AppGet.Manifest.Tests\AppGet.Manifest.Tests.csproj", "{D3F5B67B-AAE4-4669-A233-D2C14AF54FE8}"
EndProject
Global
	GlobalSection(SolutionConfigurationPlatforms) = preSolution
		Debug|x86 = Debug|x86
		Release|x86 = Release|x86
	EndGlobalSection
	GlobalSection(ProjectConfigurationPlatforms) = postSolution
		{0DF5E722-8458-4963-9285-E80D0AD98027}.Debug|x86.ActiveCfg = Debug|x86
		{0DF5E722-8458-4963-9285-E80D0AD98027}.Debug|x86.Build.0 = Debug|x86
		{0DF5E722-8458-4963-9285-E80D0AD98027}.Release|x86.ActiveCfg = Release|x86
		{0DF5E722-8458-4963-9285-E80D0AD98027}.Release|x86.Build.0 = Release|x86
		{1BC812FD-E91C-4278-9224-3678DAEB66AA}.Debug|x86.ActiveCfg = Debug|x86
		{1BC812FD-E91C-4278-9224-3678DAEB66AA}.Debug|x86.Build.0 = Debug|x86
		{1BC812FD-E91C-4278-9224-3678DAEB66AA}.Release|x86.ActiveCfg = Release|x86
		{1BC812FD-E91C-4278-9224-3678DAEB66AA}.Release|x86.Build.0 = Release|x86
		{AC981E7D-75F6-4FAD-8F99-DE0A66CCE463}.Debug|x86.ActiveCfg = Debug|x86
		{AC981E7D-75F6-4FAD-8F99-DE0A66CCE463}.Debug|x86.Build.0 = Debug|x86
		{AC981E7D-75F6-4FAD-8F99-DE0A66CCE463}.Release|x86.ActiveCfg = Release|x86
		{AC981E7D-75F6-4FAD-8F99-DE0A66CCE463}.Release|x86.Build.0 = Release|x86
		{51A2B15A-01D3-4D45-BBBA-415A8B0C22D0}.Debug|x86.ActiveCfg = Debug|x86
		{51A2B15A-01D3-4D45-BBBA-415A8B0C22D0}.Debug|x86.Build.0 = Debug|x86
		{51A2B15A-01D3-4D45-BBBA-415A8B0C22D0}.Release|x86.ActiveCfg = Release|x86
		{51A2B15A-01D3-4D45-BBBA-415A8B0C22D0}.Release|x86.Build.0 = Release|x86
		{9A653A28-FE46-40E8-A14F-48B0E325165D}.Debug|x86.ActiveCfg = Debug|x86
		{9A653A28-FE46-40E8-A14F-48B0E325165D}.Debug|x86.Build.0 = Debug|x86
		{9A653A28-FE46-40E8-A14F-48B0E325165D}.Release|x86.ActiveCfg = Release|x86
		{9A653A28-FE46-40E8-A14F-48B0E325165D}.Release|x86.Build.0 = Release|x86
		{BA5911EB-F34B-4F8D-AB29-6B967ED0B8DC}.Debug|x86.ActiveCfg = Debug|x86
		{BA5911EB-F34B-4F8D-AB29-6B967ED0B8DC}.Debug|x86.Build.0 = Debug|x86
		{BA5911EB-F34B-4F8D-AB29-6B967ED0B8DC}.Release|x86.ActiveCfg = Release|x86
		{BA5911EB-F34B-4F8D-AB29-6B967ED0B8DC}.Release|x86.Build.0 = Release|x86
		{D3F5B67B-AAE4-4669-A233-D2C14AF54FE8}.Debug|x86.ActiveCfg = Debug|x86
		{D3F5B67B-AAE4-4669-A233-D2C14AF54FE8}.Debug|x86.Build.0 = Debug|x86
		{D3F5B67B-AAE4-4669-A233-D2C14AF54FE8}.Release|x86.ActiveCfg = Release|x86
		{D3F5B67B-AAE4-4669-A233-D2C14AF54FE8}.Release|x86.Build.0 = Release|x86
	EndGlobalSection
	GlobalSection(SolutionProperties) = preSolution
		HideSolutionNode = FALSE
	EndGlobalSection
	GlobalSection(NestedProjects) = preSolution
		{9A653A28-FE46-40E8-A14F-48B0E325165D} = {C5CFA5CB-CD89-4424-AF33-20293F0EF10C}
		{BA5911EB-F34B-4F8D-AB29-6B967ED0B8DC} = {C5CFA5CB-CD89-4424-AF33-20293F0EF10C}
	EndGlobalSection
	GlobalSection(ExtensibilityGlobals) = postSolution
		SolutionGuid = {D49FBF1F-2716-42C5-9748-F7F2CE6C56D9}
	EndGlobalSection
EndGlobal
